
Microsoft Visual Studio Solution File, Format Version 12.00
# Visual Studio Version 17
VisualStudioVersion = 17.13.35931.197 d17.13
MinimumVisualStudioVersion = 10.0.40219.1
Project("{FAE04EC0-301F-11D3-BF4B-00C04F79EFBC}") = "template-pack", "template-pack.csproj", "{FA48594E-06C1-F95E-AFBC-F3254E0AC43B}"
EndProject
Global
	GlobalSection(SolutionConfigurationPlatforms) = preSolution
		Debug|Any CPU = Debug|Any CPU
		Release|Any CPU = Release|Any CPU
	EndGlobalSection
	GlobalSection(ProjectConfigurationPlatforms) = postSolution
		{FA48594E-06C1-F95E-AFBC-F3254E0AC43B}.Debug|Any CPU.ActiveCfg = Debug|Any CPU
		{FA48594E-06C1-F95E-AFBC-F3254E0AC43B}.Debug|Any CPU.Build.0 = Debug|Any CPU
		{FA48594E-06C1-F95E-AFBC-F3254E0AC43B}.Release|Any CPU.ActiveCfg = Release|Any CPU
		{FA48594E-06C1-F95E-AFBC-F3254E0AC43B}.Release|Any CPU.Build.0 = Release|Any CPU
	EndGlobalSection
	GlobalSection(SolutionProperties) = preSolution
		HideSolutionNode = FALSE
	EndGlobalSection
	GlobalSection(ExtensibilityGlobals) = postSolution
		SolutionGuid = {8F98BD28-DFA5-4F17-9BA6-31BA7728C930}
	EndGlobalSection
EndGlobal
